
Microsoft Visual Studio Solution File, Format Version 12.00
# Visual Studio Version 17
VisualStudioVersion = 17.0.32014.148
MinimumVisualStudioVersion = 10.0.40219.1
Project("{FAE04EC0-301F-11D3-BF4B-00C04F79EFBC}") = "LibraryOfRuination", "LibraryOfRuination.csproj", "{5D91404A-BE8B-45E7-AE33-DFC14E4C5DF1}"
EndProject
Global
	GlobalSection(SolutionConfigurationPlatforms) = preSolution
		Debug|Any CPU = Debug|Any CPU
		Release|Any CPU = Release|Any CPU
	EndGlobalSection
	GlobalSection(ProjectConfigurationPlatforms) = postSolution
		{5D91404A-BE8B-45E7-AE33-DFC14E4C5DF1}.Debug|Any CPU.ActiveCfg = Debug|Any CPU
		{5D91404A-BE8B-45E7-AE33-DFC14E4C5DF1}.Debug|Any CPU.Build.0 = Debug|Any CPU
		{5D91404A-BE8B-45E7-AE33-DFC14E4C5DF1}.Release|Any CPU.ActiveCfg = Release|Any CPU
		{5D91404A-BE8B-45E7-AE33-DFC14E4C5DF1}.Release|Any CPU.Build.0 = Release|Any CPU
	EndGlobalSection
	GlobalSection(SolutionProperties) = preSolution
		HideSolutionNode = FALSE
	EndGlobalSection
	GlobalSection(ExtensibilityGlobals) = postSolution
		SolutionGuid = {C752100E-E119-4706-90B0-28EB7569280C}
	EndGlobalSection
EndGlobal
